// !$*UTF8*$!
{
	archiveVersion = 1;
	classes = {
	};
	objectVersion = 77;
	objects = {

/* Begin PBXContainerItemProxy section */
		6C3888EB2F0C08C9000B6FC8 /* PBXContainerItemProxy */ = {
			isa = PBXContainerItemProxy;
			containerPortal = 6C3888D22F0C08C7000B6FC8 /* Project object */;
			proxyType = 1;
			remoteGlobalIDString = 6C3888D92F0C08C7000B6FC8;
			remoteInfo = "English-Word-Game";
		};
		6C3888F52F0C08C9000B6FC8 /* PBXContainerItemProxy */ = {
			isa = PBXContainerItemProxy;
			containerPortal = 6C3888D22F0C08C7000B6FC8 /* Project object */;
			proxyType = 1;
			remoteGlobalIDString = 6C3888D92F0C08C7000B6FC8;
			remoteInfo = "English-Word-Game";
		};
/* End PBXContainerItemProxy section */

/* Begin PBXFileReference section */
		6C3888DA2F0C08C7000B6FC8 /* English-Word-Game.app */ = {isa = PBXFileReference; explicitFileType = wrapper.application; includeInIndex = 0; path = "English-Word-Game.app"; sourceTree = BUILT_PRODUCTS_DIR; };
		6C3888EA2F0C08C9000B6FC8 /* English-Word-GameTests.xctest */ = {isa = PBXFileReference; explicitFileType = wrapper.cfbundle; includeInIndex = 0; path = "English-Word-GameTests.xctest"; sourceTree = BUILT_PRODUCTS_DIR; };
		6C3888F42F0C08C9000B6FC8 /* English-Word-GameUITests.xctest */ = {isa = PBXFileReference; explicitFileType = wrapper.cfbundle; includeInIndex = 0; path = "English-Word-GameUITests.xctest"; sourceTree = BUILT_PRODUCTS_DIR; };
/* End PBXFileReference section */

/* Begin PBXFileSystemSynchronizedRootGroup section */
		6C3888DC2F0C08C7000B6FC8 /* English-Word-Game */ = {
			isa = PBXFileSystemSynchronizedRootGroup;
			path = "English-Word-Game";
			sourceTree = "<group>";
		};
		6C3888ED2F0C08C9000B6FC8 /* English-Word-GameTests */ = {
			isa = PBXFileSystemSynchronizedRootGroup;
			path = "English-Word-GameTests";
			sourceTree = "<group>";
		};
		6C3888F72F0C08C9000B6FC8 /* English-Word-GameUITests */ = {
			isa = PBXFileSystemSynchronizedRootGroup;
			path = "English-Word-GameUITests";
			sourceTree = "<group>";
		};
/* End PBXFileSystemSynchronizedRootGroup section */

/* Begin PBXFrameworksBuildPhase section */
		6C3888D72F0C08C7000B6FC8 /* Frameworks */ = {
			isa = PBXFrameworksBuildPhase;
			buildActionMask = 2147483647;
			files = (
			);
			runOnlyForDeploymentPostprocessing = 0;
		};
		6C3888E72F0C08C9000B6FC8 /* Frameworks */ = {
			isa = PBXFrameworksBuildPhase;
			buildActionMask = 2147483647;
			files = (
			);
			runOnlyForDeploymentPostprocessing = 0;
		};
		6C3888F12F0C08C9000B6FC8 /* Frameworks */ = {
			isa = PBXFrameworksBuildPhase;
			buildActionMask = 2147483647;
			files = (
			);
			runOnlyForDeploymentPostprocessing = 0;
		};
/* End PBXFrameworksBuildPhase section */

/* Begin PBXGroup section */
		6C3888D12F0C08C7000B6FC8 = {
			isa = PBXGroup;
			children = (
				6C3888DC2F0C08C7000B6FC8 /* English-Word-Game */,
				6C3888ED2F0C08C9000B6FC8 /* English-Word-GameTests */,
				6C3888F72F0C08C9000B6FC8 /* English-Word-GameUITests */,
				6C3888DB2F0C08C7000B6FC8 /* Products */,
			);
			sourceTree = "<group>";
		};
		6C3888DB2F0C08C7000B6FC8 /* Products */ = {
			isa = PBXGroup;
			children = (
				6C3888DA2F0C08C7000B6FC8 /* English-Word-Game.app */,
				6C3888EA2F0C08C9000B6FC8 /* English-Word-GameTests.xctest */,
				6C3888F42F0C08C9000B6FC8 /* English-Word-GameUITests.xctest */,
			);
			name = Products;
			sourceTree = "<group>";
		};
/* End PBXGroup section */

/* Begin PBXNativeTarget section */
		6C3888D92F0C08C7000B6FC8 /* English-Word-Game */ = {
			isa = PBXNativeTarget;
			buildConfigurationList = 6C3888FE2F0C08C9000B6FC8 /* Build configuration list for PBXNativeTarget "English-Word-Game" */;
			buildPhases = (
				6C3888D62F0C08C7000B6FC8 /* Sources */,
				6C3888D72F0C08C7000B6FC8 /* Frameworks */,
				6C3888D82F0C08C7000B6FC8 /* Resources */,
			);
			buildRules = (
			);
			dependencies = (
			);
			fileSystemSynchronizedGroups = (
				6C3888DC2F0C08C7000B6FC8 /* English-Word-Game */,
			);
			name = "English-Word-Game";
			packageProductDependencies = (
			);
			productName = "English-Word-Game";
			productReference = 6C3888DA2F0C08C7000B6FC8 /* English-Word-Game.app */;
			productType = "com.apple.product-type.application";
		};
		6C3888E92F0C08C9000B6FC8 /* English-Word-GameTests */ = {
			isa = PBXNativeTarget;
			buildConfigurationList = 6C3889012F0C08C9000B6FC8 /* Build configuration list for PBXNativeTarget "English-Word-GameTests" */;
			buildPhases = (
				6C3888E62F0C08C9000B6FC8 /* Sources */,
				6C3888E72F0C08C9000B6FC8 /* Frameworks */,
				6C3888E82F0C08C9000B6FC8 /* Resources */,
			);
			buildRules = (
			);
			dependencies = (
				6C3888EC2F0C08C9000B6FC8 /* PBXTargetDependency */,
			);
			fileSystemSynchronizedGroups = (
				6C3888ED2F0C08C9000B6FC8 /* English-Word-GameTests */,
			);
			name = "English-Word-GameTests";
			packageProductDependencies = (
			);
			productName = "English-Word-GameTests";
			productReference = 6C3888EA2F0C08C9000B6FC8 /* English-Word-GameTests.xctest */;
			productType = "com.apple.product-type.bundle.unit-test";
		};
		6C3888F32F0C08C9000B6FC8 /* English-Word-GameUITests */ = {
			isa = PBXNativeTarget;
			buildConfigurationList = 6C3889042F0C08C9000B6FC8 /* Build configuration list for PBXNativeTarget "English-Word-GameUITests" */;
			buildPhases = (
				6C3888F02F0C08C9000B6FC8 /* Sources */,
				6C3888F12F0C08C9000B6FC8 /* Frameworks */,
				6C3888F22F0C08C9000B6FC8 /* Resources */,
			);
			buildRules = (
			);
			dependencies = (
				6C3888F62F0C08C9000B6FC8 /* PBXTargetDependency */,
			);
			fileSystemSynchronizedGroups = (
				6C3888F72F0C08C9000B6FC8 /* English-Word-GameUITests */,
			);
			name = "English-Word-GameUITests";
			packageProductDependencies = (
			);
			productName = "English-Word-GameUITests";
			productReference = 6C3888F42F0C08C9000B6FC8 /* English-Word-GameUITests.xctest */;
			productType = "com.apple.product-type.bundle.ui-testing";
		};
/* End PBXNativeTarget section */

/* Begin PBXProject section */
		6C3888D22F0C08C7000B6FC8 /* Project object */ = {
			isa = PBXProject;
			attributes = {
				BuildIndependentTargetsInParallel = 1;
				LastSwiftUpdateCheck = 1620;
				LastUpgradeCheck = 1620;
				TargetAttributes = {
					6C3888D92F0C08C7000B6FC8 = {
						CreatedOnToolsVersion = 16.2;
					};
					6C3888E92F0C08C9000B6FC8 = {
						CreatedOnToolsVersion = 16.2;
						TestTargetID = 6C3888D92F0C08C7000B6FC8;
					};
					6C3888F32F0C08C9000B6FC8 = {
						CreatedOnToolsVersion = 16.2;
						TestTargetID = 6C3888D92F0C08C7000B6FC8;
					};
				};
			};
			buildConfigurationList = 6C3888D52F0C08C7000B6FC8 /* Build configuration list for PBXProject "English-Word-Game" */;
			developmentRegion = en;
			hasScannedForEncodings = 0;
			knownRegions = (
				en,
				Base,
			);
			mainGroup = 6C3888D12F0C08C7000B6FC8;
			minimizedProjectReferenceProxies = 1;
			preferredProjectObjectVersion = 77;
			productRefGroup = 6C3888DB2F0C08C7000B6FC8 /* Products */;
			projectDirPath = "";
			projectRoot = "";
			targets = (
				6C3888D92F0C08C7000B6FC8 /* English-Word-Game */,
				6C3888E92F0C08C9000B6FC8 /* English-Word-GameTests */,
				6C3888F32F0C08C9000B6FC8 /* English-Word-GameUITests */,
			);
		};
/* End PBXProject section */

/* Begin PBXResourcesBuildPhase section */
		6C3888D82F0C08C7000B6FC8 /* Resources */ = {
			isa = PBXResourcesBuildPhase;
			buildActionMask = 2147483647;
			files = (
			);
			runOnlyForDeploymentPostprocessing = 0;
		};
		6C3888E82F0C08C9000B6FC8 /* Resources */ = {
			isa = PBXResourcesBuildPhase;
			buildActionMask = 2147483647;
			files = (
			);
			runOnlyForDeploymentPostprocessing = 0;
		};
		6C3888F22F0C08C9000B6FC8 /* Resources */ = {
			isa = PBXResourcesBuildPhase;
			buildActionMask = 2147483647;
			files = (
			);
			runOnlyForDeploymentPostprocessing = 0;
		};
/* End PBXResourcesBuildPhase section */

/* Begin PBXSourcesBuildPhase section */
		6C3888D62F0C08C7000B6FC8 /* Sources */ = {
			isa = PBXSourcesBuildPhase;
			buildActionMask = 2147483647;
			files = (
			);
			runOnlyForDeploymentPostprocessing = 0;
		};
		6C3888E62F0C08C9000B6FC8 /* Sources */ = {
			isa = PBXSourcesBuildPhase;
			buildActionMask = 2147483647;
			files = (
			);
			runOnlyForDeploymentPostprocessing = 0;
		};
		6C3888F02F0C08C9000B6FC8 /* Sources */ = {
			isa = PBXSourcesBuildPhase;
			buildActionMask = 2147483647;
			files = (
			);
			runOnlyForDeploymentPostprocessing = 0;
		};
/* End PBXSourcesBuildPhase section */

/* Begin PBXTargetDependency section */
		6C3888EC2F0C08C9000B6FC8 /* PBXTargetDependency */ = {
			isa = PBXTargetDependency;
			target = 6C3888D92F0C08C7000B6FC8 /* English-Word-Game */;
			targetProxy = 6C3888EB2F0C08C9000B6FC8 /* PBXContainerItemProxy */;
		};
		6C3888F62F0C08C9000B6FC8 /* PBXTargetDependency */ = {
			isa = PBXTargetDependency;
			target = 6C3888D92F0C08C7000B6FC8 /* English-Word-Game */;
			targetProxy = 6C3888F52F0C08C9000B6FC8 /* PBXContainerItemProxy */;
		};
/* End PBXTargetDependency section */

/* Begin XCBuildConfiguration section */
		6C3888FC2F0C08C9000B6FC8 /* Debug */ = {
			isa = XCBuildConfiguration;
			buildSettings = {
				ALWAYS_SEARCH_USER_PATHS = NO;
				ASSETCATALOG_COMPILER_GENERATE_SWIFT_ASSET_SYMBOL_EXTENSIONS = YES;
				CLANG_ANALYZER_NONNULL = YES;
				CLANG_ANALYZER_NUMBER_OBJECT_CONVERSION = YES_AGGRESSIVE;
				CLANG_CXX_LANGUAGE_STANDARD = "gnu++20";
				CLANG_ENABLE_MODULES = YES;
				CLANG_ENABLE_OBJC_ARC = YES;
				CLANG_ENABLE_OBJC_WEAK = YES;
				CLANG_WARN_BLOCK_CAPTURE_AUTORELEASING = YES;
				CLANG_WARN_BOOL_CONVERSION = YES;
				CLANG_WARN_COMMA = YES;
				CLANG_WARN_CONSTANT_CONVERSION = YES;
				CLANG_WARN_DEPRECATED_OBJC_IMPLEMENTATIONS = YES;
				CLANG_WARN_DIRECT_OBJC_ISA_USAGE = YES_ERROR;
				CLANG_WARN_DOCUMENTATION_COMMENTS = YES;
				CLANG_WARN_EMPTY_BODY = YES;
				CLANG_WARN_ENUM_CONVERSION = YES;
				CLANG_WARN_INFINITE_RECURSION = YES;
				CLANG_WARN_INT_CONVERSION = YES;
				CLANG_WARN_NON_LITERAL_NULL_CONVERSION = YES;
				CLANG_WARN_OBJC_IMPLICIT_RETAIN_SELF = YES;
				CLANG_WARN_OBJC_LITERAL_CONVERSION = YES;
				CLANG_WARN_OBJC_ROOT_CLASS = YES_ERROR;
				CLANG_WARN_QUOTED_INCLUDE_IN_FRAMEWORK_HEADER = YES;
				CLANG_WARN_RANGE_LOOP_ANALYSIS = YES;
				CLANG_WARN_STRICT_PROTOTYPES = YES;
				CLANG_WARN_SUSPICIOUS_MOVE = YES;
				CLANG_WARN_UNGUARDED_AVAILABILITY = YES_AGGRESSIVE;
				CLANG_WARN_UNREACHABLE_CODE = YES;
				CLANG_WARN__DUPLICATE_METHOD_MATCH = YES;
				COPY_PHASE_STRIP = NO;
				DEBUG_INFORMATION_FORMAT = dwarf;
				ENABLE_STRICT_OBJC_MSGSEND = YES;
				ENABLE_TESTABILITY = YES;
				ENABLE_USER_SCRIPT_SANDBOXING = YES;
				GCC_C_LANGUAGE_STANDARD = gnu17;
				GCC_DYNAMIC_NO_PIC = NO;
				GCC_NO_COMMON_BLOCKS = YES;
				GCC_OPTIMIZATION_LEVEL = 0;
				GCC_PREPROCESSOR_DEFINITIONS = (
					"DEBUG=1",
					"$(inherited)",
				);
				GCC_WARN_64_TO_32_BIT_CONVERSION = YES;
				GCC_WARN_ABOUT_RETURN_TYPE = YES_ERROR;
				GCC_WARN_UNDECLARED_SELECTOR = YES;
				GCC_WARN_UNINITIALIZED_AUTOS = YES_AGGRESSIVE;
				GCC_WARN_UNUSED_FUNCTION = YES;
				GCC_WARN_UNUSED_VARIABLE = YES;
				IPHONEOS_DEPLOYMENT_TARGET = 18.2;
				LOCALIZATION_PREFERS_STRING_CATALOGS = YES;
				MTL_ENABLE_DEBUG_INFO = INCLUDE_SOURCE;
				MTL_FAST_MATH = YES;
				ONLY_ACTIVE_ARCH = YES;
				SDKROOT = iphoneos;
				SWIFT_ACTIVE_COMPILATION_CONDITIONS = "DEBUG $(inherited)";
				SWIFT_OPTIMIZATION_LEVEL = "-Onone";
			};
			name = Debug;
		};
		6C3888FD2F0C08C9000B6FC8 /* Release */ = {
			isa = XCBuildConfiguration;
			buildSettings = {
				ALWAYS_SEARCH_USER_PATHS = NO;
				ASSETCATALOG_COMPILER_GENERATE_SWIFT_ASSET_SYMBOL_EXTENSIONS = YES;
				CLANG_ANALYZER_NONNULL = YES;
				CLANG_ANALYZER_NUMBER_OBJECT_CONVERSION = YES_AGGRESSIVE;
				CLANG_CXX_LANGUAGE_STANDARD = "gnu++20";
				CLANG_ENABLE_MODULES = YES;
				CLANG_ENABLE_OBJC_ARC = YES;
				CLANG_ENABLE_OBJC_WEAK = YES;
				CLANG_WARN_BLOCK_CAPTURE_AUTORELEASING = YES;
				CLANG_WARN_BOOL_CONVERSION = YES;
				CLANG_WARN_COMMA = YES;
				CLANG_WARN_CONSTANT_CONVERSION = YES;
				CLANG_WARN_DEPRECATED_OBJC_IMPLEMENTATIONS = YES;
				CLANG_WARN_DIRECT_OBJC_ISA_USAGE = YES_ERROR;
				CLANG_WARN_DOCUMENTATION_COMMENTS = YES;
				CLANG_WARN_EMPTY_BODY = YES;
				CLANG_WARN_ENUM_CONVERSION = YES;
				CLANG_WARN_INFINITE_RECURSION = YES;
				CLANG_WARN_INT_CONVERSION = YES;
				CLANG_WARN_NON_LITERAL_NULL_CONVERSION = YES;
				CLANG_WARN_OBJC_IMPLICIT_RETAIN_SELF = YES;
				CLANG_WARN_OBJC_LITERAL_CONVERSION = YES;
				CLANG_WARN_OBJC_ROOT_CLASS = YES_ERROR;
				CLANG_WARN_QUOTED_INCLUDE_IN_FRAMEWORK_HEADER = YES;
				CLANG_WARN_RANGE_LOOP_ANALYSIS = YES;
				CLANG_WARN_STRICT_PROTOTYPES = YES;
				CLANG_WARN_SUSPICIOUS_MOVE = YES;
				CLANG_WARN_UNGUARDED_AVAILABILITY = YES_AGGRESSIVE;
				CLANG_WARN_UNREACHABLE_CODE = YES;
				CLANG_WARN__DUPLICATE_METHOD_MATCH = YES;
				COPY_PHASE_STRIP = NO;
				DEBUG_INFORMATION_FORMAT = "dwarf-with-dsym";
				ENABLE_NS_ASSERTIONS = NO;
				ENABLE_STRICT_OBJC_MSGSEND = YES;
				ENABLE_USER_SCRIPT_SANDBOXING = YES;
				GCC_C_LANGUAGE_STANDARD = gnu17;
				GCC_NO_COMMON_BLOCKS = YES;
				GCC_WARN_64_TO_32_BIT_CONVERSION = YES;
				GCC_WARN_ABOUT_RETURN_TYPE = YES_ERROR;
				GCC_WARN_UNDECLARED_SELECTOR = YES;
				GCC_WARN_UNINITIALIZED_AUTOS = YES_AGGRESSIVE;
				GCC_WARN_UNUSED_FUNCTION = YES;
				GCC_WARN_UNUSED_VARIABLE = YES;
				IPHONEOS_DEPLOYMENT_TARGET = 18.2;
				LOCALIZATION_PREFERS_STRING_CATALOGS = YES;
				MTL_ENABLE_DEBUG_INFO = NO;
				MTL_FAST_MATH = YES;
				SDKROOT = iphoneos;
				SWIFT_COMPILATION_MODE = wholemodule;
				VALIDATE_PRODUCT = YES;
			};
			name = Release;
		};
		6C3888FF2F0C08C9000B6FC8 /* Debug */ = {
			isa = XCBuildConfiguration;
			buildSettings = {
				ASSETCATALOG_COMPILER_APPICON_NAME = AppIcon;
				ASSETCATALOG_COMPILER_GLOBAL_ACCENT_COLOR_NAME = AccentColor;
				CODE_SIGN_STYLE = Automatic;
				CURRENT_PROJECT_VERSION = 1;
				DEVELOPMENT_ASSET_PATHS = "\"English-Word-Game/Preview Content\"";
				DEVELOPMENT_TEAM = 93WV698C8R;
				ENABLE_PREVIEWS = YES;
				GENERATE_INFOPLIST_FILE = YES;
				INFOPLIST_KEY_UIApplicationSceneManifest_Generation = YES;
				INFOPLIST_KEY_UIApplicationSupportsIndirectInputEvents = YES;
				INFOPLIST_KEY_UILaunchScreen_Generation = YES;
				INFOPLIST_KEY_UISupportedInterfaceOrientations_iPad = "UIInterfaceOrientationPortrait UIInterfaceOrientationPortraitUpsideDown UIInterfaceOrientationLandscapeLeft UIInterfaceOrientationLandscapeRight";
				INFOPLIST_KEY_UISupportedInterfaceOrientations_iPhone = "UIInterfaceOrientationPortrait UIInterfaceOrientationLandscapeLeft UIInterfaceOrientationLandscapeRight";
				IPHONEOS_DEPLOYMENT_TARGET = 16.6;
				LD_RUNPATH_SEARCH_PATHS = (
					"$(inherited)",
					"@executable_path/Frameworks",
				);
				MARKETING_VERSION = 1.0;
				PRODUCT_BUNDLE_IDENTIFIER = "com.kyosuke.My.Nyet.Swit.English-Word-Game";
				PRODUCT_NAME = "$(TARGET_NAME)";
				SWIFT_EMIT_LOC_STRINGS = YES;
				SWIFT_VERSION = 5.0;
				TARGETED_DEVICE_FAMILY = "1,2";
			};
			name = Debug;
		};
		6C3889002F0C08C9000B6FC8 /* Release */ = {
			isa = XCBuildConfiguration;
			buildSettings = {
				ASSETCATALOG_COMPILER_APPICON_NAME = AppIcon;
				ASSETCATALOG_COMPILER_GLOBAL_ACCENT_COLOR_NAME = AccentColor;
				CODE_SIGN_STYLE = Automatic;
				CURRENT_PROJECT_VERSION = 1;
				DEVELOPMENT_ASSET_PATHS = "\"English-Word-Game/Preview Content\"";
				DEVELOPMENT_TEAM = 93WV698C8R;
				ENABLE_PREVIEWS = YES;
				GENERATE_INFOPLIST_FILE = YES;
				INFOPLIST_KEY_UIApplicationSceneManifest_Generation = YES;
				INFOPLIST_KEY_UIApplicationSupportsIndirectInputEvents = YES;
				INFOPLIST_KEY_UILaunchScreen_Generation = YES;
				INFOPLIST_KEY_UISupportedInterfaceOrientations_iPad = "UIInterfaceOrientationPortrait UIInterfaceOrientationPortraitUpsideDown UIInterfaceOrientationLandscapeLeft UIInterfaceOrientationLandscapeRight";
				INFOPLIST_KEY_UISupportedInterfaceOrientations_iPhone = "UIInterfaceOrientationPortrait UIInterfaceOrientationLandscapeLeft UIInterfaceOrientationLandscapeRight";
				IPHONEOS_DEPLOYMENT_TARGET = 16.6;
				LD_RUNPATH_SEARCH_PATHS = (
					"$(inherited)",
					"@executable_path/Frameworks",
				);
				MARKETING_VERSION = 1.0;
				PRODUCT_BUNDLE_IDENTIFIER = "com.kyosuke.My.Nyet.Swit.English-Word-Game";
				PRODUCT_NAME = "$(TARGET_NAME)";
				SWIFT_EMIT_LOC_STRINGS = YES;
				SWIFT_VERSION = 5.0;
				TARGETED_DEVICE_FAMILY = "1,2";
			};
			name = Release;
		};
		6C3889022F0C08C9000B6FC8 /* Debug */ = {
			isa = XCBuildConfiguration;
			buildSettings = {
				BUNDLE_LOADER = "$(TEST_HOST)";
				CODE_SIGN_STYLE = Automatic;
				CURRENT_PROJECT_VERSION = 1;
				DEVELOPMENT_TEAM = 93WV698C8R;
				GENERATE_INFOPLIST_FILE = YES;
				IPHONEOS_DEPLOYMENT_TARGET = 18.2;
				MARKETING_VERSION = 1.0;
				PRODUCT_BUNDLE_IDENTIFIER = "com.kyosuke.My.Nyet.Swit.English-Word-GameTests";
				PRODUCT_NAME = "$(TARGET_NAME)";
				SWIFT_EMIT_LOC_STRINGS = NO;
				SWIFT_VERSION = 5.0;
				TARGETED_DEVICE_FAMILY = "1,2";
				TEST_HOST = "$(BUILT_PRODUCTS_DIR)/English-Word-Game.app/$(BUNDLE_EXECUTABLE_FOLDER_PATH)/English-Word-Game";
			};
			name = Debug;
		};
		6C3889032F0C08C9000B6FC8 /* Release */ = {
			isa = XCBuildConfiguration;
			buildSettings = {
				BUNDLE_LOADER = "$(TEST_HOST)";
				CODE_SIGN_STYLE = Automatic;
				CURRENT_PROJECT_VERSION = 1;
				DEVELOPMENT_TEAM = 93WV698C8R;
				GENERATE_INFOPLIST_FILE = YES;
				IPHONEOS_DEPLOYMENT_TARGET = 18.2;
				MARKETING_VERSION = 1.0;
				PRODUCT_BUNDLE_IDENTIFIER = "com.kyosuke.My.Nyet.Swit.English-Word-GameTests";
				PRODUCT_NAME = "$(TARGET_NAME)";
				SWIFT_EMIT_LOC_STRINGS = NO;
				SWIFT_VERSION = 5.0;
				TARGETED_DEVICE_FAMILY = "1,2";
				TEST_HOST = "$(BUILT_PRODUCTS_DIR)/English-Word-Game.app/$(BUNDLE_EXECUTABLE_FOLDER_PATH)/English-Word-Game";
			};
			name = Release;
		};
		6C3889052F0C08C9000B6FC8 /* Debug */ = {
			isa = XCBuildConfiguration;
			buildSettings = {
				CODE_SIGN_STYLE = Automatic;
				CURRENT_PROJECT_VERSION = 1;
				DEVELOPMENT_TEAM = 93WV698C8R;
				GENERATE_INFOPLIST_FILE = YES;
				MARKETING_VERSION = 1.0;
				PRODUCT_BUNDLE_IDENTIFIER = "com.kyosuke.My.Nyet.Swit.English-Word-GameUITests";
				PRODUCT_NAME = "$(TARGET_NAME)";
				SWIFT_EMIT_LOC_STRINGS = NO;
				SWIFT_VERSION = 5.0;
				TARGETED_DEVICE_FAMILY = "1,2";
				TEST_TARGET_NAME = "English-Word-Game";
			};
			name = Debug;
		};
		6C3889062F0C08C9000B6FC8 /* Release */ = {
			isa = XCBuildConfiguration;
			buildSettings = {
				CODE_SIGN_STYLE = Automatic;
				CURRENT_PROJECT_VERSION = 1;
				DEVELOPMENT_TEAM = 93WV698C8R;
				GENERATE_INFOPLIST_FILE = YES;
				MARKETING_VERSION = 1.0;
				PRODUCT_BUNDLE_IDENTIFIER = "com.kyosuke.My.Nyet.Swit.English-Word-GameUITests";
				PRODUCT_NAME = "$(TARGET_NAME)";
				SWIFT_EMIT_LOC_STRINGS = NO;
				SWIFT_VERSION = 5.0;
				TARGETED_DEVICE_FAMILY = "1,2";
				TEST_TARGET_NAME = "English-Word-Game";
			};
			name = Release;
		};
/* End XCBuildConfiguration section */

/* Begin XCConfigurationList section */
		6C3888D52F0C08C7000B6FC8 /* Build configuration list for PBXProject "English-Word-Game" */ = {
			isa = XCConfigurationList;
			buildConfigurations = (
				6C3888FC2F0C08C9000B6FC8 /* Debug */,
				6C3888FD2F0C08C9000B6FC8 /* Release */,
			);
			defaultConfigurationIsVisible = 0;
			defaultConfigurationName = Release;
		};
		6C3888FE2F0C08C9000B6FC8 /* Build configuration list for PBXNativeTarget "English-Word-Game" */ = {
			isa = XCConfigurationList;
			buildConfigurations = (
				6C3888FF2F0C08C9000B6FC8 /* Debug */,
				6C3889002F0C08C9000B6FC8 /* Release */,
			);
			defaultConfigurationIsVisible = 0;
			defaultConfigurationName = Release;
		};
		6C3889012F0C08C9000B6FC8 /* Build configuration list for PBXNativeTarget "English-Word-GameTests" */ = {
			isa = XCConfigurationList;
			buildConfigurations = (
				6C3889022F0C08C9000B6FC8 /* Debug */,
				6C3889032F0C08C9000B6FC8 /* Release */,
			);
			defaultConfigurationIsVisible = 0;
			defaultConfigurationName = Release;
		};
		6C3889042F0C08C9000B6FC8 /* Build configuration list for PBXNativeTarget "English-Word-GameUITests" */ = {
			isa = XCConfigurationList;
			buildConfigurations = (
				6C3889052F0C08C9000B6FC8 /* Debug */,
				6C3889062F0C08C9000B6FC8 /* Release */,
			);
			defaultConfigurationIsVisible = 0;
			defaultConfigurationName = Release;
		};
/* End XCConfigurationList section */
	};
	rootObject = 6C3888D22F0C08C7000B6FC8 /* Project object */;
}
